
Microsoft Visual Studio Solution File, Format Version 12.00
# Visual Studio Version 16
VisualStudioVersion = 16.0.29519.87
MinimumVisualStudioVersion = 10.0.40219.1
Project("{FAE04EC0-301F-11D3-BF4B-00C04F79EFBC}") = "Server-CRM-Framework", "Server-CRM-Framework\Server-CRM-Framework.csproj", "{6BBE4879-BC7E-4B05-8895-D99EAA1CFE0F}"
EndProject
Global
	GlobalSection(SolutionConfigurationPlatforms) = preSolution
		Debug|Any CPU = Debug|Any CPU
		Release|Any CPU = Release|Any CPU
	EndGlobalSection
	GlobalSection(ProjectConfigurationPlatforms) = postSolution
		{6BBE4879-BC7E-4B05-8895-D99EAA1CFE0F}.Debug|Any CPU.ActiveCfg = Debug|Any CPU
		{6BBE4879-BC7E-4B05-8895-D99EAA1CFE0F}.Debug|Any CPU.Build.0 = Debug|Any CPU
		{6BBE4879-BC7E-4B05-8895-D99EAA1CFE0F}.Release|Any CPU.ActiveCfg = Release|Any CPU
		{6BBE4879-BC7E-4B05-8895-D99EAA1CFE0F}.Release|Any CPU.Build.0 = Release|Any CPU
	EndGlobalSection
	GlobalSection(SolutionProperties) = preSolution
		HideSolutionNode = FALSE
	EndGlobalSection
	GlobalSection(ExtensibilityGlobals) = postSolution
		SolutionGuid = {387034B1-D288-4363-BAD0-9759694E8F04}
	EndGlobalSection
EndGlobal
